lockVersion: 2.0.0
id: 32d27b3c-3111-406b-93c0-0ff757cb4a42
management:
  docChecksum: 0e2314059989cedcfe532c2779d6d0b0
  docVersion: WEBHOOKS_VERSION
  speakeasyVersion: 1.351.0
  generationVersion: 2.384.1
  releaseVersion: 0.2.1
  configChecksum: 594ac984c6578789b2d8016b402879b3
features:
  go:
    additionalDependencies: 0.1.0
    core: 3.5.2
    defaultEnabledRetries: 0.2.0
    envVarSecurityUsage: 0.2.1
    errors: 2.81.9
    globalSecurity: 2.82.9
    globalSecurityCallbacks: 0.1.0
    globalServerURLs: 2.82.2
    intellisenseMarkdownSupport: 0.1.0
    oauth2ClientCredentials: 0.1.1
    responseFormat: 0.1.2
    retries: 2.83.0
    sdkHooks: 0.1.0
generatedFiles:
  - v1.go
  - webhooks.go
  - formance.go
  - go.mod
  - models/sdkerrors/sdkerror.go
  - retry/config.go
  - types/bigint.go
  - types/date.go
  - types/datetime.go
  - types/decimal.go
  - types/pointers.go
  - internal/utils/contenttype.go
  - internal/utils/form.go
  - internal/utils/headers.go
  - internal/utils/json.go
  - internal/utils/pathparams.go
  - internal/utils/queryparams.go
  - internal/utils/requestbody.go
  - internal/utils/retries.go
  - internal/utils/security.go
  - internal/utils/utils.go
  - /models/operations/getmanyconfigs.go
  - /models/operations/insertconfig.go
  - /models/operations/deleteconfig.go
  - /models/operations/updateconfig.go
  - /models/operations/testconfig.go
  - /models/operations/activateconfig.go
  - /models/operations/deactivateconfig.go
  - /models/operations/changeconfigsecret.go
  - /models/components/configsresponse.go
  - /models/components/webhooksconfig.go
  - /models/components/httpmetadata.go
  - /models/components/errorsenum.go
  - /models/components/configresponse.go
  - /models/components/configuser.go
  - /models/components/attemptresponse.go
  - /models/components/attempt.go
  - /models/components/configchangesecret.go
  - /models/components/security.go
  - /models/sdkerrors/errorresponse.go
  - docs/models/operations/getmanyconfigsrequest.md
  - docs/models/operations/getmanyconfigsresponse.md
  - docs/models/operations/insertconfigresponse.md
  - docs/models/operations/deleteconfigrequest.md
  - docs/models/operations/deleteconfigresponse.md
  - docs/models/operations/updateconfigrequest.md
  - docs/models/operations/updateconfigresponse.md
  - docs/models/operations/testconfigrequest.md
  - docs/models/operations/testconfigresponse.md
  - docs/models/operations/activateconfigrequest.md
  - docs/models/operations/activateconfigresponse.md
  - docs/models/operations/deactivateconfigrequest.md
  - docs/models/operations/deactivateconfigresponse.md
  - docs/models/operations/changeconfigsecretrequest.md
  - docs/models/operations/changeconfigsecretresponse.md
  - docs/models/components/cursor.md
  - docs/models/components/configsresponse.md
  - docs/models/components/webhooksconfig.md
  - docs/models/components/httpmetadata.md
  - docs/models/components/errorsenum.md
  - docs/models/components/configresponse.md
  - docs/models/components/configuser.md
  - docs/models/components/attemptresponse.md
  - docs/models/components/attempt.md
  - docs/models/components/configchangesecret.md
  - docs/models/components/security.md
  - docs/models/sdkerrors/errorresponse.md
  - docs/sdks/formance/README.md
  - docs/sdks/webhooks/README.md
  - docs/models/operations/option.md
  - docs/sdks/v1/README.md
  - USAGE.md
  - models/operations/options.go
  - .gitattributes
  - internal/hooks/hooks.go
  - internal/hooks/clientcredentials.go
  - CONTRIBUTING.md
